// !$*UTF8*$!
{
	archiveVersion = 1;
	classes = {
	};
	objectVersion = 46;
	objects = {

/* Begin PBXBuildFile section */
		8E629CDA1D394FCB001E8EC3 /* AppDelegate.swift in Sources */ = {isa = PBXBuildFile; fileRef = 8E629CD91D394FCB001E8EC3 /* AppDelegate.swift */; };
		8E629CDC1D394FCB001E8EC3 /* loginVC.swift in Sources */ = {isa = PBXBuildFile; fileRef = 8E629CDB1D394FCB001E8EC3 /* loginVC.swift */; };
		8E629CDF1D394FCB001E8EC3 /* Main.storyboard in Resources */ = {isa = PBXBuildFile; fileRef = 8E629CDD1D394FCB001E8EC3 /* Main.storyboard */; };
		8E629CE11D394FCB001E8EC3 /* Assets.xcassets in Resources */ = {isa = PBXBuildFile; fileRef = 8E629CE01D394FCB001E8EC3 /* Assets.xcassets */; };
		8E629CE41D394FCB001E8EC3 /* LaunchScreen.storyboard in Resources */ = {isa = PBXBuildFile; fileRef = 8E629CE21D394FCB001E8EC3 /* LaunchScreen.storyboard */; };
		8E629CED1D3953B9001E8EC3 /* friendliesButton.swift in Sources */ = {isa = PBXBuildFile; fileRef = 8E629CEC1D3953B9001E8EC3 /* friendliesButton.swift */; };
		8E629CF21D3957A9001E8EC3 /* GoogleService-Info.plist in Resources */ = {isa = PBXBuildFile; fileRef = 8E629CF11D3957A9001E8EC3 /* GoogleService-Info.plist */; };
		8E629CF41D39677F001E8EC3 /* feedVC.swift in Sources */ = {isa = PBXBuildFile; fileRef = 8E629CF31D39677F001E8EC3 /* feedVC.swift */; };
		8E629CF61D3969F2001E8EC3 /* profilePhoto.swift in Sources */ = {isa = PBXBuildFile; fileRef = 8E629CF51D3969F2001E8EC3 /* profilePhoto.swift */; };
		8E629CF81D3974F8001E8EC3 /* profileVC.swift in Sources */ = {isa = PBXBuildFile; fileRef = 8E629CF71D3974F8001E8EC3 /* profileVC.swift */; };
		8E629CFB1D397ED7001E8EC3 /* User.swift in Sources */ = {isa = PBXBuildFile; fileRef = 8E629CFA1D397ED7001E8EC3 /* User.swift */; };
		8E629CFF1D39A400001E8EC3 /* editProfileVC.swift in Sources */ = {isa = PBXBuildFile; fileRef = 8E629CFE1D39A400001E8EC3 /* editProfileVC.swift */; };
		8E756A511D39C22E00B8A0EB /* friendliesTextField.swift in Sources */ = {isa = PBXBuildFile; fileRef = 8E756A501D39C22E00B8A0EB /* friendliesTextField.swift */; };
		8E756A541D39CB4B00B8A0EB /* Constants.swift in Sources */ = {isa = PBXBuildFile; fileRef = 8E756A531D39CB4B00B8A0EB /* Constants.swift */; };
		8E765D441D55120F004F47F6 /* ReportVC.swift in Sources */ = {isa = PBXBuildFile; fileRef = 8E765D431D55120E004F47F6 /* ReportVC.swift */; };
		8E765D461D5925D1004F47F6 /* SettingsVC.swift in Sources */ = {isa = PBXBuildFile; fileRef = 8E765D451D5925D1004F47F6 /* SettingsVC.swift */; };
		8E765D481D592842004F47F6 /* friendliesView.swift in Sources */ = {isa = PBXBuildFile; fileRef = 8E765D471D592842004F47F6 /* friendliesView.swift */; };
		8E9648F91D3ABDE90048B3B3 /* Broadcast.swift in Sources */ = {isa = PBXBuildFile; fileRef = 8E9648F81D3ABDE90048B3B3 /* Broadcast.swift */; };
		8E9648FC1D3AC9CF0048B3B3 /* BroadcastCell.swift in Sources */ = {isa = PBXBuildFile; fileRef = 8E9648FB1D3AC9CF0048B3B3 /* BroadcastCell.swift */; };
		8EA99A481D3D6727001DB679 /* CurrentUser.swift in Sources */ = {isa = PBXBuildFile; fileRef = 8EA99A471D3D6727001DB679 /* CurrentUser.swift */; };
		8EA99A4A1D3D870B001DB679 /* friendsListVC.swift in Sources */ = {isa = PBXBuildFile; fileRef = 8EA99A491D3D870B001DB679 /* friendsListVC.swift */; };
		8EA99A4C1D3D94EE001DB679 /* FriendsListCell.swift in Sources */ = {isa = PBXBuildFile; fileRef = 8EA99A4B1D3D94EE001DB679 /* FriendsListCell.swift */; };
		8EA99A571D3EA066001DB679 /* chatVC.swift in Sources */ = {isa = PBXBuildFile; fileRef = 8EA99A561D3EA066001DB679 /* chatVC.swift */; };
		8EA99A591D3FDE8B001DB679 /* messagesListVC.swift in Sources */ = {isa = PBXBuildFile; fileRef = 8EA99A581D3FDE8B001DB679 /* messagesListVC.swift */; };
		8EA99A5B1D3FE705001DB679 /* conversationPreview.swift in Sources */ = {isa = PBXBuildFile; fileRef = 8EA99A5A1D3FE705001DB679 /* conversationPreview.swift */; };
		8EA99A5D1D40270E001DB679 /* MessagesListCell.swift in Sources */ = {isa = PBXBuildFile; fileRef = 8EA99A5C1D40270E001DB679 /* MessagesListCell.swift */; };
		8EA99A601D415C2C001DB679 /* BatchClientPush.swift in Sources */ = {isa = PBXBuildFile; fileRef = 8EA99A5F1D415C2C001DB679 /* BatchClientPush.swift */; };
		FD25912E391B32A2D21012B7 /* Pods_Friendlies.framework in Frameworks */ = {isa = PBXBuildFile; fileRef = E2B0887ED05FC3B0473672E8 /* Pods_Friendlies.framework */; };
/* End PBXBuildFile section */

/* Begin PBXFileReference section */
		20265E1343A75CB40FBB6724 /* Pods-Friendlies.debug.xcconfig */ = {isa = PBXFileReference; includeInIndex = 1; lastKnownFileType = text.xcconfig; name = "Pods-Friendlies.debug.xcconfig"; path = "Pods/Target Support Files/Pods-Friendlies/Pods-Friendlies.debug.xcconfig"; sourceTree = "<group>"; };
		307C8391AA7CC6D1A9825A66 /* Pods-Friendlies.release.xcconfig */ = {isa = PBXFileReference; includeInIndex = 1; lastKnownFileType = text.xcconfig; name = "Pods-Friendlies.release.xcconfig"; path = "Pods/Target Support Files/Pods-Friendlies/Pods-Friendlies.release.xcconfig"; sourceTree = "<group>"; };
		8E629CD61D394FCB001E8EC3 /* Friendlies.app */ = {isa = PBXFileReference; explicitFileType = wrapper.application; includeInIndex = 0; path = Friendlies.app; sourceTree = BUILT_PRODUCTS_DIR; };
		8E629CD91D394FCB001E8EC3 /* AppDelegate.swift */ = {isa = PBXFileReference; lastKnownFileType = sourcecode.swift; path = AppDelegate.swift; sourceTree = "<group>"; };
		8E629CDB1D394FCB001E8EC3 /* loginVC.swift */ = {isa = PBXFileReference; lastKnownFileType = sourcecode.swift; path = loginVC.swift; sourceTree = "<group>"; };
		8E629CDE1D394FCB001E8EC3 /* Base */ = {isa = PBXFileReference; lastKnownFileType = file.storyboard; name = Base; path = Base.lproj/Main.storyboard; sourceTree = "<group>"; };
		8E629CE01D394FCB001E8EC3 /* Assets.xcassets */ = {isa = PBXFileReference; lastKnownFileType = folder.assetcatalog; path = Assets.xcassets; sourceTree = "<group>"; };
		8E629CE31D394FCB001E8EC3 /* Base */ = {isa = PBXFileReference; lastKnownFileType = file.storyboard; name = Base; path = Base.lproj/LaunchScreen.storyboard; sourceTree = "<group>"; };
		8E629CE51D394FCB001E8EC3 /* Info.plist */ = {isa = PBXFileReference; lastKnownFileType = text.plist.xml; path = Info.plist; sourceTree = "<group>"; };
		8E629CEC1D3953B9001E8EC3 /* friendliesButton.swift */ = {isa = PBXFileReference; fileEncoding = 4; lastKnownFileType = sourcecode.swift; path = friendliesButton.swift; sourceTree = "<group>"; };
		8E629CF11D3957A9001E8EC3 /* GoogleService-Info.plist */ = {isa = PBXFileReference; fileEncoding = 4; lastKnownFileType = text.plist.xml; path = "GoogleService-Info.plist"; sourceTree = "<group>"; };
		8E629CF31D39677F001E8EC3 /* feedVC.swift */ = {isa = PBXFileReference; fileEncoding = 4; lastKnownFileType = sourcecode.swift; path = feedVC.swift; sourceTree = "<group>"; };
		8E629CF51D3969F2001E8EC3 /* profilePhoto.swift */ = {isa = PBXFileReference; fileEncoding = 4; lastKnownFileType = sourcecode.swift; path = profilePhoto.swift; sourceTree = "<group>"; };
		8E629CF71D3974F8001E8EC3 /* profileVC.swift */ = {isa = PBXFileReference; fileEncoding = 4; lastKnownFileType = sourcecode.swift; path = profileVC.swift; sourceTree = "<group>"; };
		8E629CFA1D397ED7001E8EC3 /* User.swift */ = {isa = PBXFileReference; fileEncoding = 4; lastKnownFileType = sourcecode.swift; path = User.swift; sourceTree = "<group>"; };
		8E629CFE1D39A400001E8EC3 /* editProfileVC.swift */ = {isa = PBXFileReference; fileEncoding = 4; lastKnownFileType = sourcecode.swift; path = editProfileVC.swift; sourceTree = "<group>"; };
		8E756A501D39C22E00B8A0EB /* friendliesTextField.swift */ = {isa = PBXFileReference; fileEncoding = 4; lastKnownFileType = sourcecode.swift; path = friendliesTextField.swift; sourceTree = "<group>"; };
		8E756A531D39CB4B00B8A0EB /* Constants.swift */ = {isa = PBXFileReference; fileEncoding = 4; lastKnownFileType = sourcecode.swift; path = Constants.swift; sourceTree = "<group>"; };
		8E765D431D55120E004F47F6 /* ReportVC.swift */ = {isa = PBXFileReference; fileEncoding = 4; lastKnownFileType = sourcecode.swift; path = ReportVC.swift; sourceTree = "<group>"; };
		8E765D451D5925D1004F47F6 /* SettingsVC.swift */ = {isa = PBXFileReference; fileEncoding = 4; lastKnownFileType = sourcecode.swift; path = SettingsVC.swift; sourceTree = "<group>"; };
		8E765D471D592842004F47F6 /* friendliesView.swift */ = {isa = PBXFileReference; fileEncoding = 4; lastKnownFileType = sourcecode.swift; path = friendliesView.swift; sourceTree = "<group>"; };
		8E9648F81D3ABDE90048B3B3 /* Broadcast.swift */ = {isa = PBXFileReference; fileEncoding = 4; lastKnownFileType = sourcecode.swift; path = Broadcast.swift; sourceTree = "<group>"; };
		8E9648FB1D3AC9CF0048B3B3 /* BroadcastCell.swift */ = {isa = PBXFileReference; fileEncoding = 4; lastKnownFileType = sourcecode.swift; path = BroadcastCell.swift; sourceTree = "<group>"; };
		8EA99A471D3D6727001DB679 /* CurrentUser.swift */ = {isa = PBXFileReference; fileEncoding = 4; lastKnownFileType = sourcecode.swift; path = CurrentUser.swift; sourceTree = "<group>"; };
		8EA99A491D3D870B001DB679 /* friendsListVC.swift */ = {isa = PBXFileReference; fileEncoding = 4; lastKnownFileType = sourcecode.swift; path = friendsListVC.swift; sourceTree = "<group>"; };
		8EA99A4B1D3D94EE001DB679 /* FriendsListCell.swift */ = {isa = PBXFileReference; fileEncoding = 4; lastKnownFileType = sourcecode.swift; path = FriendsListCell.swift; sourceTree = "<group>"; };
		8EA99A501D3E95BD001DB679 /* Friendlies-Bridging-Header.h */ = {isa = PBXFileReference; lastKnownFileType = sourcecode.c.h; path = "Friendlies-Bridging-Header.h"; sourceTree = "<group>"; };
		8EA99A561D3EA066001DB679 /* chatVC.swift */ = {isa = PBXFileReference; fileEncoding = 4; lastKnownFileType = sourcecode.swift; path = chatVC.swift; sourceTree = "<group>"; };
		8EA99A581D3FDE8B001DB679 /* messagesListVC.swift */ = {isa = PBXFileReference; fileEncoding = 4; lastKnownFileType = sourcecode.swift; path = messagesListVC.swift; sourceTree = "<group>"; };
		8EA99A5A1D3FE705001DB679 /* conversationPreview.swift */ = {isa = PBXFileReference; fileEncoding = 4; lastKnownFileType = sourcecode.swift; path = conversationPreview.swift; sourceTree = "<group>"; };
		8EA99A5C1D40270E001DB679 /* MessagesListCell.swift */ = {isa = PBXFileReference; fileEncoding = 4; lastKnownFileType = sourcecode.swift; path = MessagesListCell.swift; sourceTree = "<group>"; };
		8EA99A5F1D415C2C001DB679 /* BatchClientPush.swift */ = {isa = PBXFileReference; fileEncoding = 4; lastKnownFileType = sourcecode.swift; path = BatchClientPush.swift; sourceTree = "<group>"; };
		E2B0887ED05FC3B0473672E8 /* Pods_Friendlies.framework */ = {isa = PBXFileReference; explicitFileType = wrapper.framework; includeInIndex = 0; path = Pods_Friendlies.framework; sourceTree = BUILT_PRODUCTS_DIR; };
/* End PBXFileReference section */

/* Begin PBXFrameworksBuildPhase section */
		8E629CD31D394FCB001E8EC3 /* Frameworks */ = {
			isa = PBXFrameworksBuildPhase;
			buildActionMask = 2147483647;
			files = (
				FD25912E391B32A2D21012B7 /* Pods_Friendlies.framework in Frameworks */,
			);
			runOnlyForDeploymentPostprocessing = 0;
		};
/* End PBXFrameworksBuildPhase section */

/* Begin PBXGroup section */
		688B518CA672E5EE753F4B57 /* Frameworks */ = {
			isa = PBXGroup;
			children = (
				E2B0887ED05FC3B0473672E8 /* Pods_Friendlies.framework */,
			);
			name = Frameworks;
			sourceTree = "<group>";
		};
		8D3C1E26DA9ACA6B40099CF2 /* Pods */ = {
			isa = PBXGroup;
			children = (
				20265E1343A75CB40FBB6724 /* Pods-Friendlies.debug.xcconfig */,
				307C8391AA7CC6D1A9825A66 /* Pods-Friendlies.release.xcconfig */,
			);
			name = Pods;
			sourceTree = "<group>";
		};
		8E629CCD1D394FCB001E8EC3 = {
			isa = PBXGroup;
			children = (
				8E629CD81D394FCB001E8EC3 /* Friendlies */,
				8E629CD71D394FCB001E8EC3 /* Products */,
				8D3C1E26DA9ACA6B40099CF2 /* Pods */,
				688B518CA672E5EE753F4B57 /* Frameworks */,
			);
			sourceTree = "<group>";
		};
		8E629CD71D394FCB001E8EC3 /* Products */ = {
			isa = PBXGroup;
			children = (
				8E629CD61D394FCB001E8EC3 /* Friendlies.app */,
			);
			name = Products;
			sourceTree = "<group>";
		};
		8E629CD81D394FCB001E8EC3 /* Friendlies */ = {
			isa = PBXGroup;
			children = (
				8EA99A461D3D6707001DB679 /* Services */,
				8E756A521D39CB3E00B8A0EB /* Util */,
				8E629CEE1D395526001E8EC3 /* Model */,
				8E629CEB1D39539A001E8EC3 /* View */,
				8E629CF01D395531001E8EC3 /* Controller */,
				8E629CD91D394FCB001E8EC3 /* AppDelegate.swift */,
				8E629CDD1D394FCB001E8EC3 /* Main.storyboard */,
				8E629CE01D394FCB001E8EC3 /* Assets.xcassets */,
				8E629CE21D394FCB001E8EC3 /* LaunchScreen.storyboard */,
				8E629CE51D394FCB001E8EC3 /* Info.plist */,
				8E629CF11D3957A9001E8EC3 /* GoogleService-Info.plist */,
				8EA99A501D3E95BD001DB679 /* Friendlies-Bridging-Header.h */,
			);
			path = Friendlies;
			sourceTree = "<group>";
		};
		8E629CEB1D39539A001E8EC3 /* View */ = {
			isa = PBXGroup;
			children = (
				8EA99A5C1D40270E001DB679 /* MessagesListCell.swift */,
				8EA99A4B1D3D94EE001DB679 /* FriendsListCell.swift */,
				8E9648FB1D3AC9CF0048B3B3 /* BroadcastCell.swift */,
				8E629CEC1D3953B9001E8EC3 /* friendliesButton.swift */,
				8E629CF51D3969F2001E8EC3 /* profilePhoto.swift */,
				8E756A501D39C22E00B8A0EB /* friendliesTextField.swift */,
				8E765D471D592842004F47F6 /* friendliesView.swift */,
			);
			name = View;
			sourceTree = "<group>";
		};
		8E629CEE1D395526001E8EC3 /* Model */ = {
			isa = PBXGroup;
			children = (
				8E629CFA1D397ED7001E8EC3 /* User.swift */,
				8E9648F81D3ABDE90048B3B3 /* Broadcast.swift */,
				8EA99A5A1D3FE705001DB679 /* conversationPreview.swift */,
			);
			name = Model;
			sourceTree = "<group>";
		};
		8E629CF01D395531001E8EC3 /* Controller */ = {
			isa = PBXGroup;
			children = (
				8E629CF31D39677F001E8EC3 /* feedVC.swift */,
				8E629CDB1D394FCB001E8EC3 /* loginVC.swift */,
				8E629CF71D3974F8001E8EC3 /* profileVC.swift */,
				8E629CFE1D39A400001E8EC3 /* editProfileVC.swift */,
				8EA99A491D3D870B001DB679 /* friendsListVC.swift */,
				8EA99A561D3EA066001DB679 /* chatVC.swift */,
				8EA99A581D3FDE8B001DB679 /* messagesListVC.swift */,
				8E765D431D55120E004F47F6 /* ReportVC.swift */,
				8E765D451D5925D1004F47F6 /* SettingsVC.swift */,
			);
			name = Controller;
			sourceTree = "<group>";
		};
		8E756A521D39CB3E00B8A0EB /* Util */ = {
			isa = PBXGroup;
			children = (
				8E756A531D39CB4B00B8A0EB /* Constants.swift */,
			);
			name = Util;
			sourceTree = "<group>";
		};
		8EA99A461D3D6707001DB679 /* Services */ = {
			isa = PBXGroup;
			children = (
				8EA99A471D3D6727001DB679 /* CurrentUser.swift */,
				8EA99A5F1D415C2C001DB679 /* BatchClientPush.swift */,
			);
			name = Services;
			sourceTree = "<group>";
		};
/* End PBXGroup section */

/* Begin PBXNativeTarget section */
		8E629CD51D394FCB001E8EC3 /* Friendlies */ = {
			isa = PBXNativeTarget;
			buildConfigurationList = 8E629CE81D394FCB001E8EC3 /* Build configuration list for PBXNativeTarget "Friendlies" */;
			buildPhases = (
				0AB03263C298CA6ACA8096FA /* [CP] Check Pods Manifest.lock */,
				8E629CD21D394FCB001E8EC3 /* Sources */,
				8E629CD31D394FCB001E8EC3 /* Frameworks */,
				8E629CD41D394FCB001E8EC3 /* Resources */,
				79774A0EF88EAE0805D28812 /* [CP] Embed Pods Frameworks */,
				F3E4191A6C40079D466B309F /* [CP] Copy Pods Resources */,
			);
			buildRules = (
			);
			dependencies = (
			);
			name = Friendlies;
			productName = Friendlies;
			productReference = 8E629CD61D394FCB001E8EC3 /* Friendlies.app */;
			productType = "com.apple.product-type.application";
		};
/* End PBXNativeTarget section */

/* Begin PBXProject section */
		8E629CCE1D394FCB001E8EC3 /* Project object */ = {
			isa = PBXProject;
			attributes = {
				LastSwiftUpdateCheck = 0730;
				LastUpgradeCheck = 0730;
				ORGANIZATIONNAME = gordonseto;
				TargetAttributes = {
					8E629CD51D394FCB001E8EC3 = {
						CreatedOnToolsVersion = 7.3.1;
					};
				};
			};
			buildConfigurationList = 8E629CD11D394FCB001E8EC3 /* Build configuration list for PBXProject "Friendlies" */;
			compatibilityVersion = "Xcode 3.2";
			developmentRegion = English;
			hasScannedForEncodings = 0;
			knownRegions = (
				en,
				Base,
			);
			mainGroup = 8E629CCD1D394FCB001E8EC3;
			productRefGroup = 8E629CD71D394FCB001E8EC3 /* Products */;
			projectDirPath = "";
			projectRoot = "";
			targets = (
				8E629CD51D394FCB001E8EC3 /* Friendlies */,
			);
		};
/* End PBXProject section */

/* Begin PBXResourcesBuildPhase section */
		8E629CD41D394FCB001E8EC3 /* Resources */ = {
			isa = PBXResourcesBuildPhase;
			buildActionMask = 2147483647;
			files = (
				8E629CE41D394FCB001E8EC3 /* LaunchScreen.storyboard in Resources */,
				8E629CF21D3957A9001E8EC3 /* GoogleService-Info.plist in Resources */,
				8E629CE11D394FCB001E8EC3 /* Assets.xcassets in Resources */,
				8E629CDF1D394FCB001E8EC3 /* Main.storyboard in Resources */,
			);
			runOnlyForDeploymentPostprocessing = 0;
		};
/* End PBXResourcesBuildPhase section */

/* Begin PBXShellScriptBuildPhase section */
		0AB03263C298CA6ACA8096FA /* [CP] Check Pods Manifest.lock */ = {
			isa = PBXShellScriptBuildPhase;
			buildActionMask = 2147483647;
			files = (
			);
			inputPaths = (
			);
			name = "[CP] Check Pods Manifest.lock";
			outputPaths = (
			);
			runOnlyForDeploymentPostprocessing = 0;
			shellPath = /bin/sh;
			shellScript = "diff \"${PODS_ROOT}/../Podfile.lock\" \"${PODS_ROOT}/Manifest.lock\" > /dev/null\nif [[ $? != 0 ]] ; then\n    cat << EOM\nerror: The sandbox is not in sync with the Podfile.lock. Run 'pod install' or update your CocoaPods installation.\nEOM\n    exit 1\nfi\n";
			showEnvVarsInLog = 0;
		};
		79774A0EF88EAE0805D28812 /* [CP] Embed Pods Frameworks */ = {
			isa = PBXShellScriptBuildPhase;
			buildActionMask = 2147483647;
			files = (
			);
			inputPaths = (
			);
			name = "[CP] Embed Pods Frameworks";
			outputPaths = (
			);
			runOnlyForDeploymentPostprocessing = 0;
			shellPath = /bin/sh;
			shellScript = "\"${SRCROOT}/Pods/Target Support Files/Pods-Friendlies/Pods-Friendlies-frameworks.sh\"\n";
			showEnvVarsInLog = 0;
		};
		F3E4191A6C40079D466B309F /* [CP] Copy Pods Resources */ = {
			isa = PBXShellScriptBuildPhase;
			buildActionMask = 2147483647;
			files = (
			);
			inputPaths = (
			);
			name = "[CP] Copy Pods Resources";
			outputPaths = (
			);
			runOnlyForDeploymentPostprocessing = 0;
			shellPath = /bin/sh;
			shellScript = "\"${SRCROOT}/Pods/Target Support Files/Pods-Friendlies/Pods-Friendlies-resources.sh\"\n";
			showEnvVarsInLog = 0;
		};
/* End PBXShellScriptBuildPhase section */

/* Begin PBXSourcesBuildPhase section */
		8E629CD21D394FCB001E8EC3 /* Sources */ = {
			isa = PBXSourcesBuildPhase;
			buildActionMask = 2147483647;
			files = (
				8EA99A591D3FDE8B001DB679 /* messagesListVC.swift in Sources */,
				8EA99A571D3EA066001DB679 /* chatVC.swift in Sources */,
				8E629CF41D39677F001E8EC3 /* feedVC.swift in Sources */,
				8E756A511D39C22E00B8A0EB /* friendliesTextField.swift in Sources */,
				8E629CDC1D394FCB001E8EC3 /* loginVC.swift in Sources */,
				8EA99A5B1D3FE705001DB679 /* conversationPreview.swift in Sources */,
				8EA99A481D3D6727001DB679 /* CurrentUser.swift in Sources */,
				8E765D441D55120F004F47F6 /* ReportVC.swift in Sources */,
				8E629CDA1D394FCB001E8EC3 /* AppDelegate.swift in Sources */,
				8E9648F91D3ABDE90048B3B3 /* Broadcast.swift in Sources */,
				8E629CED1D3953B9001E8EC3 /* friendliesButton.swift in Sources */,
				8E765D461D5925D1004F47F6 /* SettingsVC.swift in Sources */,
				8E765D481D592842004F47F6 /* friendliesView.swift in Sources */,
				8EA99A5D1D40270E001DB679 /* MessagesListCell.swift in Sources */,
				8E756A541D39CB4B00B8A0EB /* Constants.swift in Sources */,
				8EA99A4C1D3D94EE001DB679 /* FriendsListCell.swift in Sources */,
				8EA99A601D415C2C001DB679 /* BatchClientPush.swift in Sources */,
				8EA99A4A1D3D870B001DB679 /* friendsListVC.swift in Sources */,
				8E629CF81D3974F8001E8EC3 /* profileVC.swift in Sources */,
				8E629CFF1D39A400001E8EC3 /* editProfileVC.swift in Sources */,
				8E9648FC1D3AC9CF0048B3B3 /* BroadcastCell.swift in Sources */,
				8E629CF61D3969F2001E8EC3 /* profilePhoto.swift in Sources */,
				8E629CFB1D397ED7001E8EC3 /* User.swift in Sources */,
			);
			runOnlyForDeploymentPostprocessing = 0;
		};
/* End PBXSourcesBuildPhase section */

/* Begin PBXVariantGroup section */
		8E629CDD1D394FCB001E8EC3 /* Main.storyboard */ = {
			isa = PBXVariantGroup;
			children = (
				8E629CDE1D394FCB001E8EC3 /* Base */,
			);
			name = Main.storyboard;
			sourceTree = "<group>";
		};
		8E629CE21D394FCB001E8EC3 /* LaunchScreen.storyboard */ = {
			isa = PBXVariantGroup;
			children = (
				8E629CE31D394FCB001E8EC3 /* Base */,
			);
			name = LaunchScreen.storyboard;
			sourceTree = "<group>";
		};
/* End PBXVariantGroup section */

/* Begin XCBuildConfiguration section */
		8E629CE61D394FCB001E8EC3 /* Debug */ = {
			isa = XCBuildConfiguration;
			buildSettings = {
				ALWAYS_SEARCH_USER_PATHS = NO;
				CLANG_ANALYZER_NONNULL = YES;
				CLANG_CXX_LANGUAGE_STANDARD = "gnu++0x";
				CLANG_CXX_LIBRARY = "libc++";
				CLANG_ENABLE_MODULES = YES;
				CLANG_ENABLE_OBJC_ARC = YES;
				CLANG_WARN_BOOL_CONVERSION = YES;
				CLANG_WARN_CONSTANT_CONVERSION = YES;
				CLANG_WARN_DIRECT_OBJC_ISA_USAGE = YES_ERROR;
				CLANG_WARN_EMPTY_BODY = YES;
				CLANG_WARN_ENUM_CONVERSION = YES;
				CLANG_WARN_INT_CONVERSION = YES;
				CLANG_WARN_OBJC_ROOT_CLASS = YES_ERROR;
				CLANG_WARN_UNREACHABLE_CODE = YES;
				CLANG_WARN__DUPLICATE_METHOD_MATCH = YES;
				"CODE_SIGN_IDENTITY[sdk=iphoneos*]" = "iPhone Developer";
				COPY_PHASE_STRIP = NO;
				DEBUG_INFORMATION_FORMAT = dwarf;
				ENABLE_STRICT_OBJC_MSGSEND = YES;
				ENABLE_TESTABILITY = YES;
				GCC_C_LANGUAGE_STANDARD = gnu99;
				GCC_DYNAMIC_NO_PIC = NO;
				GCC_NO_COMMON_BLOCKS = YES;
				GCC_OPTIMIZATION_LEVEL = 0;
				GCC_PREPROCESSOR_DEFINITIONS = (
					"DEBUG=1",
					"$(inherited)",
				);
				GCC_WARN_64_TO_32_BIT_CONVERSION = YES;
				GCC_WARN_ABOUT_RETURN_TYPE = YES_ERROR;
				GCC_WARN_UNDECLARED_SELECTOR = YES;
				GCC_WARN_UNINITIALIZED_AUTOS = YES_AGGRESSIVE;
				GCC_WARN_UNUSED_FUNCTION = YES;
				GCC_WARN_UNUSED_VARIABLE = YES;
				IPHONEOS_DEPLOYMENT_TARGET = 9.3;
				MTL_ENABLE_DEBUG_INFO = YES;
				ONLY_ACTIVE_ARCH = YES;
				SDKROOT = iphoneos;
				SWIFT_OPTIMIZATION_LEVEL = "-Onone";
			};
			name = Debug;
		};
		8E629CE71D394FCB001E8EC3 /* Release */ = {
			isa = XCBuildConfiguration;
			buildSettings = {
				ALWAYS_SEARCH_USER_PATHS = NO;
				CLANG_ANALYZER_NONNULL = YES;
				CLANG_CXX_LANGUAGE_STANDARD = "gnu++0x";
				CLANG_CXX_LIBRARY = "libc++";
				CLANG_ENABLE_MODULES = YES;
				CLANG_ENABLE_OBJC_ARC = YES;
				CLANG_WARN_BOOL_CONVERSION = YES;
				CLANG_WARN_CONSTANT_CONVERSION = YES;
				CLANG_WARN_DIRECT_OBJC_ISA_USAGE = YES_ERROR;
				CLANG_WARN_EMPTY_BODY = YES;
				CLANG_WARN_ENUM_CONVERSION = YES;
				CLANG_WARN_INT_CONVERSION = YES;
				CLANG_WARN_OBJC_ROOT_CLASS = YES_ERROR;
				CLANG_WARN_UNREACHABLE_CODE = YES;
				CLANG_WARN__DUPLICATE_METHOD_MATCH = YES;
				"CODE_SIGN_IDENTITY[sdk=iphoneos*]" = "iPhone Developer";
				COPY_PHASE_STRIP = NO;
				DEBUG_INFORMATION_FORMAT = "dwarf-with-dsym";
				ENABLE_NS_ASSERTIONS = NO;
				ENABLE_STRICT_OBJC_MSGSEND = YES;
				GCC_C_LANGUAGE_STANDARD = gnu99;
				GCC_NO_COMMON_BLOCKS = YES;
				GCC_WARN_64_TO_32_BIT_CONVERSION = YES;
				GCC_WARN_ABOUT_RETURN_TYPE = YES_ERROR;
				GCC_WARN_UNDECLARED_SELECTOR = YES;
				GCC_WARN_UNINITIALIZED_AUTOS = YES_AGGRESSIVE;
				GCC_WARN_UNUSED_FUNCTION = YES;
				GCC_WARN_UNUSED_VARIABLE = YES;
				IPHONEOS_DEPLOYMENT_TARGET = 9.3;
				MTL_ENABLE_DEBUG_INFO = NO;
				SDKROOT = iphoneos;
				VALIDATE_PRODUCT = YES;
			};
			name = Release;
		};
		8E629CE91D394FCB001E8EC3 /* Debug */ = {
			isa = XCBuildConfiguration;
			baseConfigurationReference = 20265E1343A75CB40FBB6724 /* Pods-Friendlies.debug.xcconfig */;
			buildSettings = {
				ASSETCATALOG_COMPILER_APPICON_NAME = AppIcon;
				CLANG_ENABLE_MODULES = YES;
				INFOPLIST_FILE = Friendlies/Info.plist;
				IPHONEOS_DEPLOYMENT_TARGET = 9.0;
				LD_RUNPATH_SEARCH_PATHS = "$(inherited) @executable_path/Frameworks";
				PRODUCT_BUNDLE_IDENTIFIER = com.friendliesapp.Friendlies;
				PRODUCT_NAME = "$(TARGET_NAME)";
				SWIFT_OBJC_BRIDGING_HEADER = "Friendlies/Friendlies-Bridging-Header.h";
				SWIFT_OPTIMIZATION_LEVEL = "-Onone";
			};
			name = Debug;
		};
		8E629CEA1D394FCB001E8EC3 /* Release */ = {
			isa = XCBuildConfiguration;
			baseConfigurationReference = 307C8391AA7CC6D1A9825A66 /* Pods-Friendlies.release.xcconfig */;
			buildSettings = {
				ASSETCATALOG_COMPILER_APPICON_NAME = AppIcon;
				CLANG_ENABLE_MODULES = YES;
				INFOPLIST_FILE = Friendlies/Info.plist;
				IPHONEOS_DEPLOYMENT_TARGET = 9.0;
				LD_RUNPATH_SEARCH_PATHS = "$(inherited) @executable_path/Frameworks";
				PRODUCT_BUNDLE_IDENTIFIER = com.friendliesapp.Friendlies;
				PRODUCT_NAME = "$(TARGET_NAME)";
				SWIFT_OBJC_BRIDGING_HEADER = "Friendlies/Friendlies-Bridging-Header.h";
			};
			name = Release;
		};
/* End XCBuildConfiguration section */

/* Begin XCConfigurationList section */
		8E629CD11D394FCB001E8EC3 /* Build configuration list for PBXProject "Friendlies" */ = {
			isa = XCConfigurationList;
			buildConfigurations = (
				8E629CE61D394FCB001E8EC3 /* Debug */,
				8E629CE71D394FCB001E8EC3 /* Release */,
			);
			defaultConfigurationIsVisible = 0;
			defaultConfigurationName = Release;
		};
		8E629CE81D394FCB001E8EC3 /* Build configuration list for PBXNativeTarget "Friendlies" */ = {
			isa = XCConfigurationList;
			buildConfigurations = (
				8E629CE91D394FCB001E8EC3 /* Debug */,
				8E629CEA1D394FCB001E8EC3 /* Release */,
			);
			defaultConfigurationIsVisible = 0;
			defaultConfigurationName = Release;
		};
/* End XCConfigurationList section */
	};
	rootObject = 8E629CCE1D394FCB001E8EC3 /* Project object */;
}
